{
  "name": "gradio-json-markdown",
  "lockfileVersion": 3,
  "requires": true,
  "packages": {
    "": {
      "dependencies": {
        "highlight.js": "^11.10.0",
        "marked": "^14.1.0",
        "marked-highlight": "^2.1.4"
      }
    },
    "node_modules/highlight.js": {
      "version": "11.10.0",
      "resolved": "https://registry.npmjs.org/highlight.js/-/highlight.js-11.10.0.tgz",
      "integrity": "sha512-SYVnVFswQER+zu1laSya563s+F8VDGt7o35d4utbamowvUNLLMovFqwCLSocpZTz3MgaSRA1IbqRWZv97dtErQ==",
      "license": "BSD-3-Clause",
      "engines": {
        "node": ">=12.0.0"
      }
    },
    "node_modules/marked": {
      "version": "14.1.0",
      "resolved": "https://registry.npmjs.org/marked/-/marked-14.1.0.tgz",
      "integrity": "sha512-P93GikH/Pde0hM5TAXEd8I4JAYi8IB03n8qzW8Bh1BIEFpEyBoYxi/XWZA53LSpTeLBiMQOoSMj0u5E/tiVYTA==",
      "license": "MIT",
      "bin": {
        "marked": "bin/marked.js"
      },
      "engines": {
        "node": ">= 18"
      }
    },
    "node_modules/marked-highlight": {
      "version": "2.1.4",
      "resolved": "https://registry.npmjs.org/marked-highlight/-/marked-highlight-2.1.4.tgz",
      "integrity": "sha512-D1GOkcdzP+1dzjoColL7umojefFrASDuLeyaHS0Zr/Uo9jkr1V6vpLRCzfi1djmEaWyK0SYMFtHnpkZ+cwFT1w==",
      "license": "MIT",
      "peerDependencies": {
        "marked": ">=4 <15"
      }
    }
  }
}
